Microsoft Visual Studio Solution File, Format Version 12.00
# Visual Studio 2012
Project("{FAE04EC0-301F-11D3-BF4B-00C04F79EFBC}") = "AtendimentoPDV", "Atendimento\AtendimentoPDV.csproj", "{30DF7565-C6EA-4E51-9021-85D654F438CF}"
EndProject
Project("{2150E333-8FDC-42A3-9474-1A3956D46DE8}") = "Modulos", "Modulos", "{450B96E2-8E32-47E0-87EE-6C16B6963537}"
EndProject
Project("{FAE04EC0-301F-11D3-BF4B-00C04F79EFBC}") = "ReservaRestaurante", "ReservaRestaurante\ReservaRestaurante.csproj", "{37B746A0-BCFB-4292-B7E9-D5FFABFA5597}"
EndProject
Project("{FAE04EC0-301F-11D3-BF4B-00C04F79EFBC}") = "Teclado Virtual", "Teclado Virtual\Teclado Virtual\Teclado Virtual.csproj", "{43B48B52-97D8-4DBD-A469-0AA5075F9D90}"
EndProject
Project("{FAE04EC0-301F-11D3-BF4B-00C04F79EFBC}") = "ReservaWeb", "ReservasWeb\ReservaWeb.csproj", "{67452544-D79F-4B66-BEE0-AB83B9097E7B}"
EndProject
Project("{FAE04EC0-301F-11D3-BF4B-00C04F79EFBC}") = "Administracao", "Administracao\Administracao.csproj", "{97E50231-DF7F-4055-8260-11E96E82C4F6}"
EndProject
Project("{FAE04EC0-301F-11D3-BF4B-00C04F79EFBC}") = "Caixa", "Caixa\Caixa.csproj", "{C35E53AE-71DF-407C-BA70-44BACC3B22AB}"
EndProject
Project("{FAE04EC0-301F-11D3-BF4B-00C04F79EFBC}") = "TecladoVirtual2", "TouchScreenKeyBoard\TecladoVirtual2.csproj", "{50A84653-6C97-4639-835B-5E42DE9DD8D5}"
EndProject
Project("{FAE04EC0-301F-11D3-BF4B-00C04F79EFBC}") = "WebService", "WebService\WebService.csproj", "{9B73E55D-1AFC-45C3-AF18-A26A7D13568D}"
EndProject
Project("{FAE04EC0-301F-11D3-BF4B-00C04F79EFBC}") = "WindowsService", "WindowsService\WindowsService.csproj", "{3BB6B78F-9B1D-4309-8B3E-2D738508A5B0}"
EndProject
Project("{FAE04EC0-301F-11D3-BF4B-00C04F79EFBC}") = "AtendimentoProducao", "AtendimentoProducao\AtendimentoProducao.csproj", "{10B136A5-CB13-486C-A146-6BE2DFA3A16E}"
EndProject
Project("{2150E333-8FDC-42A3-9474-1A3956D46DE8}") = "Instaladores", "Instaladores", "{CE9B2B29-F02F-4062-9808-9898A0A232E7}"
EndProject
Project("{840C416C-B8F3-42BC-B0DD-F6BB14C9F8CB}") = "Artebit Gourmet - Caixa", "Artebit Gourmet - Caixa\Artebit Gourmet - Caixa.aiproj", "{BFD76537-D38C-48EA-AAFA-7E9BDF1AFD79}"
EndProject
Project("{840C416C-B8F3-42BC-B0DD-F6BB14C9F8CB}") = "Artebit Gourmet - Ponto de Venda", "Artebit Gourmet - Ponto de Venda\Artebit Gourmet - Ponto de Venda.aiproj", "{A6D8832F-A607-4F8C-8CFC-A7006955AF76}"
EndProject
Project("{840C416C-B8F3-42BC-B0DD-F6BB14C9F8CB}") = "Artebit Gourmet - Monitor Produção", "Artebit Gourmet - Monitor Produção\Artebit Gourmet - Monitor Produção.aiproj", "{5DB35153-F3A1-4EAF-9ED4-F8752C234520}"
EndProject
Project("{840C416C-B8F3-42BC-B0DD-F6BB14C9F8CB}") = "Artebit Gourmet - Administracao", "Artebit Gourmet - Administracao\Artebit Gourmet - Administracao.aiproj", "{3FF444A9-3ED2-4FDC-850F-F0B26A864C7C}"
EndProject
Project("{840C416C-B8F3-42BC-B0DD-F6BB14C9F8CB}") = "Artebit Gourmet - Controle Reservas", "Artebit Gourmet - Controle Reservas\Artebit Gourmet - Controle Reservas.aiproj", "{C4F7B811-9056-4F57-9426-E09B89D769E1}"
EndProject
Project("{840C416C-B8F3-42BC-B0DD-F6BB14C9F8CB}") = "Artebit Gourmet - Reservas Web", "Artebit Gourmet - Reservas Web\Artebit Gourmet - Reservas Web.aiproj", "{A988DA31-D892-48A8-B09D-433468214291}"
EndProject
Project("{840C416C-B8F3-42BC-B0DD-F6BB14C9F8CB}") = "Artebit Gourmet - WS", "Artebit Gourmet - WS\Artebit Gourmet - WS.aiproj", "{AEF4EF77-9FFA-43DA-A82A-762C80A2BEF7}"
EndProject
Project("{2150E333-8FDC-42A3-9474-1A3956D46DE8}") = "AcessoDados", "AcessoDados", "{A99C3B47-808D-4992-AFF0-648F2C556816}"
EndProject
Project("{2150E333-8FDC-42A3-9474-1A3956D46DE8}") = "RegrasNegocio", "RegrasNegocio", "{1193F212-A477-4332-A05C-A33F44E97076}"
EndProject
Project("{FAE04EC0-301F-11D3-BF4B-00C04F79EFBC}") = "Modelo", "AcessoBD\Modelo.csproj", "{13D32F9B-A219-4FCC-A669-C89B444FD003}"
EndProject
Project("{FAE04EC0-301F-11D3-BF4B-00C04F79EFBC}") = "AcessoDados", "SecaoModelo\AcessoDados.csproj", "{F18DD79B-6EAC-454E-9385-5EDFE3405D76}"
EndProject
Project("{FAE04EC0-301F-11D3-BF4B-00C04F79EFBC}") = "RegrasNegocio", "RegrasNegocio\RegrasNegocio.csproj", "{2BC1E514-DA33-4BFA-9A34-890531F2FCD9}"
EndProject
Project("{FAE04EC0-301F-11D3-BF4B-00C04F79EFBC}") = "Util", "Util\Util.csproj", "{6BFE80F5-56DD-40F5-B5A7-17361A4ED56D}"
EndProject
Project("{FAE04EC0-301F-11D3-BF4B-00C04F79EFBC}") = "WindowsServiceTest", "WindowsServiceTest\WindowsServiceTest.csproj", "{EDD07D42-80CC-42A7-A9E4-82C844E0EE57}"
EndProject
Project("{FAE04EC0-301F-11D3-BF4B-00C04F79EFBC}") = "ArtebitGourmet - Host", "ArtebitGourmet - Host\ArtebitGourmet - Host.csproj", "{DEC65ACE-F850-4CA2-954C-222D65981045}"
EndProject
Global
	GlobalSection(TeamFoundationVersionControl) = preSolution
		SccNumberOfProjects = 17
		SccEnterpriseProvider = {4CA58AB2-18FA-4F8D-95D4-32DDF27D184C}
		SccTeamFoundationServer = http://jarvis:8080/tfs/defaultcollection
		SccLocalPath0 = .
		SccProjectUniqueName1 = AcessoBD\\Modelo.csproj
		SccProjectTopLevelParentUniqueName1 = Restaurante.sln
		SccProjectName1 = AcessoBD
		SccLocalPath1 = AcessoBD
		SccProjectUniqueName2 = Administracao\\Administracao.csproj
		SccProjectTopLevelParentUniqueName2 = Restaurante.sln
		SccProjectName2 = Administracao
		SccLocalPath2 = Administracao
		SccProjectUniqueName3 = ArtebitGourmet\u0020-\u0020Host\\ArtebitGourmet\u0020-\u0020Host.csproj
		SccProjectTopLevelParentUniqueName3 = Restaurante.sln
		SccProjectName3 = ArtebitGourmet\u0020-\u0020Host
		SccLocalPath3 = ArtebitGourmet\u0020-\u0020Host
		SccProjectUniqueName4 = Atendimento\\AtendimentoPDV.csproj
		SccProjectTopLevelParentUniqueName4 = Restaurante.sln
		SccProjectName4 = Atendimento
		SccLocalPath4 = Atendimento
		SccProjectUniqueName5 = AtendimentoProducao\\AtendimentoProducao.csproj
		SccProjectTopLevelParentUniqueName5 = Restaurante.sln
		SccProjectName5 = AtendimentoProducao
		SccLocalPath5 = AtendimentoProducao
		SccProjectUniqueName6 = Caixa\\Caixa.csproj
		SccProjectTopLevelParentUniqueName6 = Restaurante.sln
		SccProjectName6 = Caixa
		SccLocalPath6 = Caixa
		SccProjectUniqueName7 = RegrasNegocio\\RegrasNegocio.csproj
		SccProjectTopLevelParentUniqueName7 = Restaurante.sln
		SccProjectName7 = RegrasNegocio
		SccLocalPath7 = RegrasNegocio
		SccProjectUniqueName8 = ReservaRestaurante\\ReservaRestaurante.csproj
		SccProjectTopLevelParentUniqueName8 = Restaurante.sln
		SccProjectName8 = ReservaRestaurante
		SccLocalPath8 = ReservaRestaurante
		SccProjectUniqueName9 = ReservasWeb\\ReservaWeb.csproj
		SccProjectTopLevelParentUniqueName9 = Restaurante.sln
		SccProjectName9 = ReservasWeb
		SccLocalPath9 = ReservasWeb
		SccProjectUniqueName10 = SecaoModelo\\AcessoDados.csproj
		SccProjectTopLevelParentUniqueName10 = Restaurante.sln
		SccProjectName10 = SecaoModelo
		SccLocalPath10 = SecaoModelo
		SccProjectUniqueName11 = Teclado\u0020Virtual\\Teclado\u0020Virtual\\Teclado\u0020Virtual.csproj
		SccProjectTopLevelParentUniqueName11 = Restaurante.sln
		SccProjectName11 = Teclado\u0020Virtual/Teclado\u0020Virtual
		SccLocalPath11 = Teclado\u0020Virtual\\Teclado\u0020Virtual
		SccProjectUniqueName12 = TouchScreenKeyBoard\\TecladoVirtual2.csproj
		SccProjectTopLevelParentUniqueName12 = Restaurante.sln
		SccProjectName12 = TouchScreenKeyBoard
		SccLocalPath12 = TouchScreenKeyBoard
		SccProjectUniqueName13 = Util\\Util.csproj
		SccProjectTopLevelParentUniqueName13 = Restaurante.sln
		SccProjectName13 = Util
		SccLocalPath13 = Util
		SccProjectUniqueName14 = WebService\\WebService.csproj
		SccProjectTopLevelParentUniqueName14 = Restaurante.sln
		SccProjectName14 = WebService
		SccLocalPath14 = WebService
		SccProjectUniqueName15 = WindowsService\\WindowsService.csproj
		SccProjectTopLevelParentUniqueName15 = Restaurante.sln
		SccProjectName15 = WindowsService
		SccLocalPath15 = WindowsService
		SccProjectUniqueName16 = WindowsServiceTest\\WindowsServiceTest.csproj
		SccProjectTopLevelParentUniqueName16 = Restaurante.sln
		SccProjectName16 = WindowsServiceTest
		SccLocalPath16 = WindowsServiceTest
	EndGlobalSection
	GlobalSection(SolutionConfigurationPlatforms) = preSolution
		All|Any CPU = All|Any CPU
		All|Mixed Platforms = All|Mixed Platforms
		All|x86 = All|x86
		Debug|Any CPU = Debug|Any CPU
		Debug|Mixed Platforms = Debug|Mixed Platforms
		Debug|x86 = Debug|x86
		Release|Any CPU = Release|Any CPU
		Release|Mixed Platforms = Release|Mixed Platforms
		Release|x86 = Release|x86
	EndGlobalSection
	GlobalSection(ProjectConfigurationPlatforms) = postSolution
		{30DF7565-C6EA-4E51-9021-85D654F438CF}.All|Any CPU.ActiveCfg = Release|x86
		{30DF7565-C6EA-4E51-9021-85D654F438CF}.All|Mixed Platforms.ActiveCfg = Release|x86
		{30DF7565-C6EA-4E51-9021-85D654F438CF}.All|Mixed Platforms.Build.0 = Release|x86
		{30DF7565-C6EA-4E51-9021-85D654F438CF}.All|x86.ActiveCfg = Release|x86
		{30DF7565-C6EA-4E51-9021-85D654F438CF}.All|x86.Build.0 = Release|x86
		{30DF7565-C6EA-4E51-9021-85D654F438CF}.Debug|Any CPU.ActiveCfg = Debug|x86
		{30DF7565-C6EA-4E51-9021-85D654F438CF}.Debug|Mixed Platforms.ActiveCfg = Debug|x86
		{30DF7565-C6EA-4E51-9021-85D654F438CF}.Debug|Mixed Platforms.Build.0 = Debug|x86
		{30DF7565-C6EA-4E51-9021-85D654F438CF}.Debug|x86.ActiveCfg = Debug|x86
		{30DF7565-C6EA-4E51-9021-85D654F438CF}.Release|Any CPU.ActiveCfg = Release|x86
		{30DF7565-C6EA-4E51-9021-85D654F438CF}.Release|Mixed Platforms.ActiveCfg = Release|x86
		{30DF7565-C6EA-4E51-9021-85D654F438CF}.Release|Mixed Platforms.Build.0 = Release|x86
		{30DF7565-C6EA-4E51-9021-85D654F438CF}.Release|x86.ActiveCfg = Release|x86
		{30DF7565-C6EA-4E51-9021-85D654F438CF}.Release|x86.Build.0 = Release|x86
		{37B746A0-BCFB-4292-B7E9-D5FFABFA5597}.All|Any CPU.ActiveCfg = Release|Any CPU
		{37B746A0-BCFB-4292-B7E9-D5FFABFA5597}.All|Any CPU.Build.0 = Release|Any CPU
		{37B746A0-BCFB-4292-B7E9-D5FFABFA5597}.All|Mixed Platforms.ActiveCfg = Release|Any CPU
		{37B746A0-BCFB-4292-B7E9-D5FFABFA5597}.All|Mixed Platforms.Build.0 = Release|Any CPU
		{37B746A0-BCFB-4292-B7E9-D5FFABFA5597}.All|x86.ActiveCfg = Release|Any CPU
		{37B746A0-BCFB-4292-B7E9-D5FFABFA5597}.Debug|Any CPU.ActiveCfg = Debug|Any CPU
		{37B746A0-BCFB-4292-B7E9-D5FFABFA5597}.Debug|Any CPU.Build.0 = Debug|Any CPU
		{37B746A0-BCFB-4292-B7E9-D5FFABFA5597}.Debug|Mixed Platforms.ActiveCfg = Debug|Any CPU
		{37B746A0-BCFB-4292-B7E9-D5FFABFA5597}.Debug|Mixed Platforms.Build.0 = Debug|Any CPU
		{37B746A0-BCFB-4292-B7E9-D5FFABFA5597}.Debug|x86.ActiveCfg = Debug|Any CPU
		{37B746A0-BCFB-4292-B7E9-D5FFABFA5597}.Debug|x86.Build.0 = Debug|Any CPU
		{37B746A0-BCFB-4292-B7E9-D5FFABFA5597}.Release|Any CPU.ActiveCfg = Release|Any CPU
		{37B746A0-BCFB-4292-B7E9-D5FFABFA5597}.Release|Any CPU.Build.0 = Release|Any CPU
		{37B746A0-BCFB-4292-B7E9-D5FFABFA5597}.Release|Mixed Platforms.ActiveCfg = Release|Any CPU
		{37B746A0-BCFB-4292-B7E9-D5FFABFA5597}.Release|Mixed Platforms.Build.0 = Release|Any CPU
		{37B746A0-BCFB-4292-B7E9-D5FFABFA5597}.Release|x86.ActiveCfg = Release|Any CPU
		{43B48B52-97D8-4DBD-A469-0AA5075F9D90}.All|Any CPU.ActiveCfg = Release|Any CPU
		{43B48B52-97D8-4DBD-A469-0AA5075F9D90}.All|Any CPU.Build.0 = Release|Any CPU
		{43B48B52-97D8-4DBD-A469-0AA5075F9D90}.All|Mixed Platforms.ActiveCfg = Release|Any CPU
		{43B48B52-97D8-4DBD-A469-0AA5075F9D90}.All|Mixed Platforms.Build.0 = Release|Any CPU
		{43B48B52-97D8-4DBD-A469-0AA5075F9D90}.All|x86.ActiveCfg = Release|Any CPU
		{43B48B52-97D8-4DBD-A469-0AA5075F9D90}.Debug|Any CPU.ActiveCfg = Debug|Any CPU
		{43B48B52-97D8-4DBD-A469-0AA5075F9D90}.Debug|Any CPU.Build.0 = Debug|Any CPU
		{43B48B52-97D8-4DBD-A469-0AA5075F9D90}.Debug|Mixed Platforms.ActiveCfg = Debug|Any CPU
		{43B48B52-97D8-4DBD-A469-0AA5075F9D90}.Debug|Mixed Platforms.Build.0 = Debug|Any CPU
		{43B48B52-97D8-4DBD-A469-0AA5075F9D90}.Debug|x86.ActiveCfg = Debug|Any CPU
		{43B48B52-97D8-4DBD-A469-0AA5075F9D90}.Release|Any CPU.ActiveCfg = Release|Any CPU
		{43B48B52-97D8-4DBD-A469-0AA5075F9D90}.Release|Any CPU.Build.0 = Release|Any CPU
		{43B48B52-97D8-4DBD-A469-0AA5075F9D90}.Release|Mixed Platforms.ActiveCfg = Release|Any CPU
		{43B48B52-97D8-4DBD-A469-0AA5075F9D90}.Release|Mixed Platforms.Build.0 = Release|Any CPU
		{43B48B52-97D8-4DBD-A469-0AA5075F9D90}.Release|x86.ActiveCfg = Release|Any CPU
		{67452544-D79F-4B66-BEE0-AB83B9097E7B}.All|Any CPU.ActiveCfg = Release|Any CPU
		{67452544-D79F-4B66-BEE0-AB83B9097E7B}.All|Any CPU.Build.0 = Release|Any CPU
		{67452544-D79F-4B66-BEE0-AB83B9097E7B}.All|Mixed Platforms.ActiveCfg = Release|Any CPU
		{67452544-D79F-4B66-BEE0-AB83B9097E7B}.All|Mixed Platforms.Build.0 = Release|Any CPU
		{67452544-D79F-4B66-BEE0-AB83B9097E7B}.All|x86.ActiveCfg = Release|Any CPU
		{67452544-D79F-4B66-BEE0-AB83B9097E7B}.Debug|Any CPU.ActiveCfg = Debug|Any CPU
		{67452544-D79F-4B66-BEE0-AB83B9097E7B}.Debug|Any CPU.Build.0 = Debug|Any CPU
		{67452544-D79F-4B66-BEE0-AB83B9097E7B}.Debug|Mixed Platforms.ActiveCfg = Debug|Any CPU
		{67452544-D79F-4B66-BEE0-AB83B9097E7B}.Debug|Mixed Platforms.Build.0 = Debug|Any CPU
		{67452544-D79F-4B66-BEE0-AB83B9097E7B}.Debug|x86.ActiveCfg = Debug|Any CPU
		{67452544-D79F-4B66-BEE0-AB83B9097E7B}.Release|Any CPU.ActiveCfg = Release|Any CPU
		{67452544-D79F-4B66-BEE0-AB83B9097E7B}.Release|Any CPU.Build.0 = Release|Any CPU
		{67452544-D79F-4B66-BEE0-AB83B9097E7B}.Release|Mixed Platforms.ActiveCfg = Release|Any CPU
		{67452544-D79F-4B66-BEE0-AB83B9097E7B}.Release|Mixed Platforms.Build.0 = Release|Any CPU
		{67452544-D79F-4B66-BEE0-AB83B9097E7B}.Release|x86.ActiveCfg = Release|Any CPU
		{97E50231-DF7F-4055-8260-11E96E82C4F6}.All|Any CPU.ActiveCfg = Release|Any CPU
		{97E50231-DF7F-4055-8260-11E96E82C4F6}.All|Any CPU.Build.0 = Release|Any CPU
		{97E50231-DF7F-4055-8260-11E96E82C4F6}.All|Mixed Platforms.ActiveCfg = Release|Any CPU
		{97E50231-DF7F-4055-8260-11E96E82C4F6}.All|Mixed Platforms.Build.0 = Release|Any CPU
		{97E50231-DF7F-4055-8260-11E96E82C4F6}.All|x86.ActiveCfg = Release|Any CPU
		{97E50231-DF7F-4055-8260-11E96E82C4F6}.Debug|Any CPU.ActiveCfg = Debug|Any CPU
		{97E50231-DF7F-4055-8260-11E96E82C4F6}.Debug|Any CPU.Build.0 = Debug|Any CPU
		{97E50231-DF7F-4055-8260-11E96E82C4F6}.Debug|Mixed Platforms.ActiveCfg = Debug|Any CPU
		{97E50231-DF7F-4055-8260-11E96E82C4F6}.Debug|Mixed Platforms.Build.0 = Debug|Any CPU
		{97E50231-DF7F-4055-8260-11E96E82C4F6}.Debug|x86.ActiveCfg = Debug|Any CPU
		{97E50231-DF7F-4055-8260-11E96E82C4F6}.Release|Any CPU.ActiveCfg = Release|Any CPU
		{97E50231-DF7F-4055-8260-11E96E82C4F6}.Release|Any CPU.Build.0 = Release|Any CPU
		{97E50231-DF7F-4055-8260-11E96E82C4F6}.Release|Mixed Platforms.ActiveCfg = Release|Any CPU
		{97E50231-DF7F-4055-8260-11E96E82C4F6}.Release|Mixed Platforms.Build.0 = Release|Any CPU
		{97E50231-DF7F-4055-8260-11E96E82C4F6}.Release|x86.ActiveCfg = Release|Any CPU
		{C35E53AE-71DF-407C-BA70-44BACC3B22AB}.All|Any CPU.ActiveCfg = Release|x86
		{C35E53AE-71DF-407C-BA70-44BACC3B22AB}.All|Mixed Platforms.ActiveCfg = Release|x86
		{C35E53AE-71DF-407C-BA70-44BACC3B22AB}.All|Mixed Platforms.Build.0 = Release|x86
		{C35E53AE-71DF-407C-BA70-44BACC3B22AB}.All|x86.ActiveCfg = Release|x86
		{C35E53AE-71DF-407C-BA70-44BACC3B22AB}.All|x86.Build.0 = Release|x86
		{C35E53AE-71DF-407C-BA70-44BACC3B22AB}.Debug|Any CPU.ActiveCfg = Debug|x86
		{C35E53AE-71DF-407C-BA70-44BACC3B22AB}.Debug|Mixed Platforms.ActiveCfg = Debug|x86
		{C35E53AE-71DF-407C-BA70-44BACC3B22AB}.Debug|Mixed Platforms.Build.0 = Debug|x86
		{C35E53AE-71DF-407C-BA70-44BACC3B22AB}.Debug|x86.ActiveCfg = Debug|x86
		{C35E53AE-71DF-407C-BA70-44BACC3B22AB}.Debug|x86.Build.0 = Debug|x86
		{C35E53AE-71DF-407C-BA70-44BACC3B22AB}.Release|Any CPU.ActiveCfg = Release|x86
		{C35E53AE-71DF-407C-BA70-44BACC3B22AB}.Release|Mixed Platforms.ActiveCfg = Release|x86
		{C35E53AE-71DF-407C-BA70-44BACC3B22AB}.Release|Mixed Platforms.Build.0 = Release|x86
		{C35E53AE-71DF-407C-BA70-44BACC3B22AB}.Release|x86.ActiveCfg = Release|x86
		{C35E53AE-71DF-407C-BA70-44BACC3B22AB}.Release|x86.Build.0 = Release|x86
		{50A84653-6C97-4639-835B-5E42DE9DD8D5}.All|Any CPU.ActiveCfg = Release|Any CPU
		{50A84653-6C97-4639-835B-5E42DE9DD8D5}.All|Any CPU.Build.0 = Release|Any CPU
		{50A84653-6C97-4639-835B-5E42DE9DD8D5}.All|Mixed Platforms.ActiveCfg = Release|Any CPU
		{50A84653-6C97-4639-835B-5E42DE9DD8D5}.All|Mixed Platforms.Build.0 = Release|Any CPU
		{50A84653-6C97-4639-835B-5E42DE9DD8D5}.All|x86.ActiveCfg = Release|Any CPU
		{50A84653-6C97-4639-835B-5E42DE9DD8D5}.Debug|Any CPU.ActiveCfg = Debug|Any CPU
		{50A84653-6C97-4639-835B-5E42DE9DD8D5}.Debug|Any CPU.Build.0 = Debug|Any CPU
		{50A84653-6C97-4639-835B-5E42DE9DD8D5}.Debug|Mixed Platforms.ActiveCfg = Debug|Any CPU
		{50A84653-6C97-4639-835B-5E42DE9DD8D5}.Debug|Mixed Platforms.Build.0 = Debug|Any CPU
		{50A84653-6C97-4639-835B-5E42DE9DD8D5}.Debug|x86.ActiveCfg = Debug|Any CPU
		{50A84653-6C97-4639-835B-5E42DE9DD8D5}.Release|Any CPU.ActiveCfg = Release|Any CPU
		{50A84653-6C97-4639-835B-5E42DE9DD8D5}.Release|Any CPU.Build.0 = Release|Any CPU
		{50A84653-6C97-4639-835B-5E42DE9DD8D5}.Release|Mixed Platforms.ActiveCfg = Release|Any CPU
		{50A84653-6C97-4639-835B-5E42DE9DD8D5}.Release|Mixed Platforms.Build.0 = Release|Any CPU
		{50A84653-6C97-4639-835B-5E42DE9DD8D5}.Release|x86.ActiveCfg = Release|Any CPU
		{9B73E55D-1AFC-45C3-AF18-A26A7D13568D}.All|Any CPU.ActiveCfg = Release|Any CPU
		{9B73E55D-1AFC-45C3-AF18-A26A7D13568D}.All|Any CPU.Build.0 = Release|Any CPU
		{9B73E55D-1AFC-45C3-AF18-A26A7D13568D}.All|Mixed Platforms.ActiveCfg = Release|Any CPU
		{9B73E55D-1AFC-45C3-AF18-A26A7D13568D}.All|Mixed Platforms.Build.0 = Release|Any CPU
		{9B73E55D-1AFC-45C3-AF18-A26A7D13568D}.All|x86.ActiveCfg = Release|Any CPU
		{9B73E55D-1AFC-45C3-AF18-A26A7D13568D}.Debug|Any CPU.ActiveCfg = Debug|Any CPU
		{9B73E55D-1AFC-45C3-AF18-A26A7D13568D}.Debug|Any CPU.Build.0 = Debug|Any CPU
		{9B73E55D-1AFC-45C3-AF18-A26A7D13568D}.Debug|Mixed Platforms.ActiveCfg = Debug|Any CPU
		{9B73E55D-1AFC-45C3-AF18-A26A7D13568D}.Debug|Mixed Platforms.Build.0 = Debug|Any CPU
		{9B73E55D-1AFC-45C3-AF18-A26A7D13568D}.Debug|x86.ActiveCfg = Debug|Any CPU
		{9B73E55D-1AFC-45C3-AF18-A26A7D13568D}.Release|Any CPU.ActiveCfg = Release|Any CPU
		{9B73E55D-1AFC-45C3-AF18-A26A7D13568D}.Release|Any CPU.Build.0 = Release|Any CPU
		{9B73E55D-1AFC-45C3-AF18-A26A7D13568D}.Release|Mixed Platforms.ActiveCfg = Release|Any CPU
		{9B73E55D-1AFC-45C3-AF18-A26A7D13568D}.Release|Mixed Platforms.Build.0 = Release|Any CPU
		{9B73E55D-1AFC-45C3-AF18-A26A7D13568D}.Release|x86.ActiveCfg = Release|Any CPU
		{3BB6B78F-9B1D-4309-8B3E-2D738508A5B0}.All|Any CPU.ActiveCfg = Release|x86
		{3BB6B78F-9B1D-4309-8B3E-2D738508A5B0}.All|Mixed Platforms.ActiveCfg = Release|x86
		{3BB6B78F-9B1D-4309-8B3E-2D738508A5B0}.All|Mixed Platforms.Build.0 = Release|x86
		{3BB6B78F-9B1D-4309-8B3E-2D738508A5B0}.All|x86.ActiveCfg = Release|x86
		{3BB6B78F-9B1D-4309-8B3E-2D738508A5B0}.All|x86.Build.0 = Release|x86
		{3BB6B78F-9B1D-4309-8B3E-2D738508A5B0}.Debug|Any CPU.ActiveCfg = Debug|x86
		{3BB6B78F-9B1D-4309-8B3E-2D738508A5B0}.Debug|Mixed Platforms.ActiveCfg = Debug|x86
		{3BB6B78F-9B1D-4309-8B3E-2D738508A5B0}.Debug|Mixed Platforms.Build.0 = Debug|x86
		{3BB6B78F-9B1D-4309-8B3E-2D738508A5B0}.Debug|x86.ActiveCfg = Debug|x86
		{3BB6B78F-9B1D-4309-8B3E-2D738508A5B0}.Debug|x86.Build.0 = Debug|x86
		{3BB6B78F-9B1D-4309-8B3E-2D738508A5B0}.Release|Any CPU.ActiveCfg = Release|x86
		{3BB6B78F-9B1D-4309-8B3E-2D738508A5B0}.Release|Mixed Platforms.ActiveCfg = Release|x86
		{3BB6B78F-9B1D-4309-8B3E-2D738508A5B0}.Release|Mixed Platforms.Build.0 = Release|x86
		{3BB6B78F-9B1D-4309-8B3E-2D738508A5B0}.Release|x86.ActiveCfg = Release|x86
		{3BB6B78F-9B1D-4309-8B3E-2D738508A5B0}.Release|x86.Build.0 = Release|x86
		{10B136A5-CB13-486C-A146-6BE2DFA3A16E}.All|Any CPU.ActiveCfg = Release|x86
		{10B136A5-CB13-486C-A146-6BE2DFA3A16E}.All|Mixed Platforms.ActiveCfg = Release|x86
		{10B136A5-CB13-486C-A146-6BE2DFA3A16E}.All|Mixed Platforms.Build.0 = Release|x86
		{10B136A5-CB13-486C-A146-6BE2DFA3A16E}.All|x86.ActiveCfg = Release|x86
		{10B136A5-CB13-486C-A146-6BE2DFA3A16E}.All|x86.Build.0 = Release|x86
		{10B136A5-CB13-486C-A146-6BE2DFA3A16E}.Debug|Any CPU.ActiveCfg = Debug|x86
		{10B136A5-CB13-486C-A146-6BE2DFA3A16E}.Debug|Mixed Platforms.ActiveCfg = Debug|x86
		{10B136A5-CB13-486C-A146-6BE2DFA3A16E}.Debug|Mixed Platforms.Build.0 = Debug|x86
		{10B136A5-CB13-486C-A146-6BE2DFA3A16E}.Debug|x86.ActiveCfg = Debug|x86
		{10B136A5-CB13-486C-A146-6BE2DFA3A16E}.Debug|x86.Build.0 = Debug|x86
		{10B136A5-CB13-486C-A146-6BE2DFA3A16E}.Release|Any CPU.ActiveCfg = Release|x86
		{10B136A5-CB13-486C-A146-6BE2DFA3A16E}.Release|Mixed Platforms.ActiveCfg = Release|x86
		{10B136A5-CB13-486C-A146-6BE2DFA3A16E}.Release|Mixed Platforms.Build.0 = Release|x86
		{10B136A5-CB13-486C-A146-6BE2DFA3A16E}.Release|x86.ActiveCfg = Release|x86
		{10B136A5-CB13-486C-A146-6BE2DFA3A16E}.Release|x86.Build.0 = Release|x86
		{BFD76537-D38C-48EA-AAFA-7E9BDF1AFD79}.All|Any CPU.ActiveCfg = All|x86
		{BFD76537-D38C-48EA-AAFA-7E9BDF1AFD79}.All|Mixed Platforms.ActiveCfg = All|x86
		{BFD76537-D38C-48EA-AAFA-7E9BDF1AFD79}.All|Mixed Platforms.Build.0 = All|x86
		{BFD76537-D38C-48EA-AAFA-7E9BDF1AFD79}.All|x86.ActiveCfg = All|x86
		{BFD76537-D38C-48EA-AAFA-7E9BDF1AFD79}.All|x86.Build.0 = All|x86
		{BFD76537-D38C-48EA-AAFA-7E9BDF1AFD79}.Debug|Any CPU.ActiveCfg = All|x86
		{BFD76537-D38C-48EA-AAFA-7E9BDF1AFD79}.Debug|Mixed Platforms.ActiveCfg = All|x86
		{BFD76537-D38C-48EA-AAFA-7E9BDF1AFD79}.Debug|Mixed Platforms.Build.0 = All|x86
		{BFD76537-D38C-48EA-AAFA-7E9BDF1AFD79}.Debug|x86.ActiveCfg = All|x86
		{BFD76537-D38C-48EA-AAFA-7E9BDF1AFD79}.Debug|x86.Build.0 = All|x86
		{BFD76537-D38C-48EA-AAFA-7E9BDF1AFD79}.Release|Any CPU.ActiveCfg = All|x86
		{BFD76537-D38C-48EA-AAFA-7E9BDF1AFD79}.Release|Mixed Platforms.ActiveCfg = All|x86
		{BFD76537-D38C-48EA-AAFA-7E9BDF1AFD79}.Release|x86.ActiveCfg = All|x86
		{BFD76537-D38C-48EA-AAFA-7E9BDF1AFD79}.Release|x86.Build.0 = All|x86
		{A6D8832F-A607-4F8C-8CFC-A7006955AF76}.All|Any CPU.ActiveCfg = All|x86
		{A6D8832F-A607-4F8C-8CFC-A7006955AF76}.All|Mixed Platforms.ActiveCfg = All|x86
		{A6D8832F-A607-4F8C-8CFC-A7006955AF76}.All|Mixed Platforms.Build.0 = All|x86
		{A6D8832F-A607-4F8C-8CFC-A7006955AF76}.All|x86.ActiveCfg = All|x86
		{A6D8832F-A607-4F8C-8CFC-A7006955AF76}.All|x86.Build.0 = All|x86
		{A6D8832F-A607-4F8C-8CFC-A7006955AF76}.Debug|Any CPU.ActiveCfg = All|x86
		{A6D8832F-A607-4F8C-8CFC-A7006955AF76}.Debug|Mixed Platforms.ActiveCfg = All|x86
		{A6D8832F-A607-4F8C-8CFC-A7006955AF76}.Debug|Mixed Platforms.Build.0 = All|x86
		{A6D8832F-A607-4F8C-8CFC-A7006955AF76}.Debug|x86.ActiveCfg = All|x86
		{A6D8832F-A607-4F8C-8CFC-A7006955AF76}.Debug|x86.Build.0 = All|x86
		{A6D8832F-A607-4F8C-8CFC-A7006955AF76}.Release|Any CPU.ActiveCfg = All|x86
		{A6D8832F-A607-4F8C-8CFC-A7006955AF76}.Release|Mixed Platforms.ActiveCfg = All|x86
		{A6D8832F-A607-4F8C-8CFC-A7006955AF76}.Release|x86.ActiveCfg = All|x86
		{A6D8832F-A607-4F8C-8CFC-A7006955AF76}.Release|x86.Build.0 = All|x86
		{5DB35153-F3A1-4EAF-9ED4-F8752C234520}.All|Any CPU.ActiveCfg = All|x86
		{5DB35153-F3A1-4EAF-9ED4-F8752C234520}.All|Mixed Platforms.ActiveCfg = All|x86
		{5DB35153-F3A1-4EAF-9ED4-F8752C234520}.All|Mixed Platforms.Build.0 = All|x86
		{5DB35153-F3A1-4EAF-9ED4-F8752C234520}.All|x86.ActiveCfg = All|x86
		{5DB35153-F3A1-4EAF-9ED4-F8752C234520}.All|x86.Build.0 = All|x86
		{5DB35153-F3A1-4EAF-9ED4-F8752C234520}.Debug|Any CPU.ActiveCfg = All|x86
		{5DB35153-F3A1-4EAF-9ED4-F8752C234520}.Debug|Mixed Platforms.ActiveCfg = All|x86
		{5DB35153-F3A1-4EAF-9ED4-F8752C234520}.Debug|Mixed Platforms.Build.0 = All|x86
		{5DB35153-F3A1-4EAF-9ED4-F8752C234520}.Debug|x86.ActiveCfg = All|x86
		{5DB35153-F3A1-4EAF-9ED4-F8752C234520}.Debug|x86.Build.0 = All|x86
		{5DB35153-F3A1-4EAF-9ED4-F8752C234520}.Release|Any CPU.ActiveCfg = All|x86
		{5DB35153-F3A1-4EAF-9ED4-F8752C234520}.Release|Mixed Platforms.ActiveCfg = All|x86
		{5DB35153-F3A1-4EAF-9ED4-F8752C234520}.Release|x86.ActiveCfg = All|x86
		{5DB35153-F3A1-4EAF-9ED4-F8752C234520}.Release|x86.Build.0 = All|x86
		{3FF444A9-3ED2-4FDC-850F-F0B26A864C7C}.All|Any CPU.ActiveCfg = All|x86
		{3FF444A9-3ED2-4FDC-850F-F0B26A864C7C}.All|Mixed Platforms.ActiveCfg = All|x86
		{3FF444A9-3ED2-4FDC-850F-F0B26A864C7C}.All|Mixed Platforms.Build.0 = All|x86
		{3FF444A9-3ED2-4FDC-850F-F0B26A864C7C}.All|x86.ActiveCfg = All|x86
		{3FF444A9-3ED2-4FDC-850F-F0B26A864C7C}.All|x86.Build.0 = All|x86
		{3FF444A9-3ED2-4FDC-850F-F0B26A864C7C}.Debug|Any CPU.ActiveCfg = All|x86
		{3FF444A9-3ED2-4FDC-850F-F0B26A864C7C}.Debug|Mixed Platforms.ActiveCfg = All|x86
		{3FF444A9-3ED2-4FDC-850F-F0B26A864C7C}.Debug|Mixed Platforms.Build.0 = All|x86
		{3FF444A9-3ED2-4FDC-850F-F0B26A864C7C}.Debug|x86.ActiveCfg = All|x86
		{3FF444A9-3ED2-4FDC-850F-F0B26A864C7C}.Debug|x86.Build.0 = All|x86
		{3FF444A9-3ED2-4FDC-850F-F0B26A864C7C}.Release|Any CPU.ActiveCfg = All|x86
		{3FF444A9-3ED2-4FDC-850F-F0B26A864C7C}.Release|Mixed Platforms.ActiveCfg = All|x86
		{3FF444A9-3ED2-4FDC-850F-F0B26A864C7C}.Release|x86.ActiveCfg = All|x86
		{3FF444A9-3ED2-4FDC-850F-F0B26A864C7C}.Release|x86.Build.0 = All|x86
		{C4F7B811-9056-4F57-9426-E09B89D769E1}.All|Any CPU.ActiveCfg = All|x86
		{C4F7B811-9056-4F57-9426-E09B89D769E1}.All|Mixed Platforms.ActiveCfg = All|x86
		{C4F7B811-9056-4F57-9426-E09B89D769E1}.All|Mixed Platforms.Build.0 = All|x86
		{C4F7B811-9056-4F57-9426-E09B89D769E1}.All|x86.ActiveCfg = All|x86
		{C4F7B811-9056-4F57-9426-E09B89D769E1}.All|x86.Build.0 = All|x86
		{C4F7B811-9056-4F57-9426-E09B89D769E1}.Debug|Any CPU.ActiveCfg = All|x86
		{C4F7B811-9056-4F57-9426-E09B89D769E1}.Debug|Mixed Platforms.ActiveCfg = All|x86
		{C4F7B811-9056-4F57-9426-E09B89D769E1}.Debug|Mixed Platforms.Build.0 = All|x86
		{C4F7B811-9056-4F57-9426-E09B89D769E1}.Debug|x86.ActiveCfg = All|x86
		{C4F7B811-9056-4F57-9426-E09B89D769E1}.Debug|x86.Build.0 = All|x86
		{C4F7B811-9056-4F57-9426-E09B89D769E1}.Release|Any CPU.ActiveCfg = All|x86
		{C4F7B811-9056-4F57-9426-E09B89D769E1}.Release|Mixed Platforms.ActiveCfg = All|x86
		{C4F7B811-9056-4F57-9426-E09B89D769E1}.Release|x86.ActiveCfg = All|x86
		{C4F7B811-9056-4F57-9426-E09B89D769E1}.Release|x86.Build.0 = All|x86
		{A988DA31-D892-48A8-B09D-433468214291}.All|Any CPU.ActiveCfg = All|x86
		{A988DA31-D892-48A8-B09D-433468214291}.All|Mixed Platforms.ActiveCfg = All|x86
		{A988DA31-D892-48A8-B09D-433468214291}.All|Mixed Platforms.Build.0 = All|x86
		{A988DA31-D892-48A8-B09D-433468214291}.All|x86.ActiveCfg = All|x86
		{A988DA31-D892-48A8-B09D-433468214291}.All|x86.Build.0 = All|x86
		{A988DA31-D892-48A8-B09D-433468214291}.Debug|Any CPU.ActiveCfg = All|x86
		{A988DA31-D892-48A8-B09D-433468214291}.Debug|Mixed Platforms.ActiveCfg = All|x86
		{A988DA31-D892-48A8-B09D-433468214291}.Debug|Mixed Platforms.Build.0 = All|x86
		{A988DA31-D892-48A8-B09D-433468214291}.Debug|x86.ActiveCfg = All|x86
		{A988DA31-D892-48A8-B09D-433468214291}.Debug|x86.Build.0 = All|x86
		{A988DA31-D892-48A8-B09D-433468214291}.Release|Any CPU.ActiveCfg = All|x86
		{A988DA31-D892-48A8-B09D-433468214291}.Release|Mixed Platforms.ActiveCfg = All|x86
		{A988DA31-D892-48A8-B09D-433468214291}.Release|x86.ActiveCfg = All|x86
		{A988DA31-D892-48A8-B09D-433468214291}.Release|x86.Build.0 = All|x86
		{AEF4EF77-9FFA-43DA-A82A-762C80A2BEF7}.All|Any CPU.ActiveCfg = All|x86
		{AEF4EF77-9FFA-43DA-A82A-762C80A2BEF7}.All|Mixed Platforms.ActiveCfg = All|x86
		{AEF4EF77-9FFA-43DA-A82A-762C80A2BEF7}.All|Mixed Platforms.Build.0 = All|x86
		{AEF4EF77-9FFA-43DA-A82A-762C80A2BEF7}.All|x86.ActiveCfg = All|x86
		{AEF4EF77-9FFA-43DA-A82A-762C80A2BEF7}.All|x86.Build.0 = All|x86
		{AEF4EF77-9FFA-43DA-A82A-762C80A2BEF7}.Debug|Any CPU.ActiveCfg = All|x86
		{AEF4EF77-9FFA-43DA-A82A-762C80A2BEF7}.Debug|Mixed Platforms.ActiveCfg = All|x86
		{AEF4EF77-9FFA-43DA-A82A-762C80A2BEF7}.Debug|Mixed Platforms.Build.0 = All|x86
		{AEF4EF77-9FFA-43DA-A82A-762C80A2BEF7}.Debug|x86.ActiveCfg = All|x86
		{AEF4EF77-9FFA-43DA-A82A-762C80A2BEF7}.Debug|x86.Build.0 = All|x86
		{AEF4EF77-9FFA-43DA-A82A-762C80A2BEF7}.Release|Any CPU.ActiveCfg = All|x86
		{AEF4EF77-9FFA-43DA-A82A-762C80A2BEF7}.Release|Mixed Platforms.ActiveCfg = All|x86
		{AEF4EF77-9FFA-43DA-A82A-762C80A2BEF7}.Release|x86.ActiveCfg = All|x86
		{AEF4EF77-9FFA-43DA-A82A-762C80A2BEF7}.Release|x86.Build.0 = All|x86
		{13D32F9B-A219-4FCC-A669-C89B444FD003}.All|Any CPU.ActiveCfg = Release|Any CPU
		{13D32F9B-A219-4FCC-A669-C89B444FD003}.All|Any CPU.Build.0 = Release|Any CPU
		{13D32F9B-A219-4FCC-A669-C89B444FD003}.All|Mixed Platforms.ActiveCfg = Release|Any CPU
		{13D32F9B-A219-4FCC-A669-C89B444FD003}.All|Mixed Platforms.Build.0 = Release|Any CPU
		{13D32F9B-A219-4FCC-A669-C89B444FD003}.All|x86.ActiveCfg = Release|Any CPU
		{13D32F9B-A219-4FCC-A669-C89B444FD003}.Debug|Any CPU.ActiveCfg = Debug|Any CPU
		{13D32F9B-A219-4FCC-A669-C89B444FD003}.Debug|Any CPU.Build.0 = Debug|Any CPU
		{13D32F9B-A219-4FCC-A669-C89B444FD003}.Debug|Mixed Platforms.ActiveCfg = Debug|Any CPU
		{13D32F9B-A219-4FCC-A669-C89B444FD003}.Debug|Mixed Platforms.Build.0 = Debug|Any CPU
		{13D32F9B-A219-4FCC-A669-C89B444FD003}.Debug|x86.ActiveCfg = Debug|Any CPU
		{13D32F9B-A219-4FCC-A669-C89B444FD003}.Release|Any CPU.ActiveCfg = Release|Any CPU
		{13D32F9B-A219-4FCC-A669-C89B444FD003}.Release|Any CPU.Build.0 = Release|Any CPU
		{13D32F9B-A219-4FCC-A669-C89B444FD003}.Release|Mixed Platforms.ActiveCfg = Release|Any CPU
		{13D32F9B-A219-4FCC-A669-C89B444FD003}.Release|Mixed Platforms.Build.0 = Release|Any CPU
		{13D32F9B-A219-4FCC-A669-C89B444FD003}.Release|x86.ActiveCfg = Release|Any CPU
		{F18DD79B-6EAC-454E-9385-5EDFE3405D76}.All|Any CPU.ActiveCfg = Release|Any CPU
		{F18DD79B-6EAC-454E-9385-5EDFE3405D76}.All|Any CPU.Build.0 = Release|Any CPU
		{F18DD79B-6EAC-454E-9385-5EDFE3405D76}.All|Mixed Platforms.ActiveCfg = Release|Any CPU
		{F18DD79B-6EAC-454E-9385-5EDFE3405D76}.All|Mixed Platforms.Build.0 = Release|Any CPU
		{F18DD79B-6EAC-454E-9385-5EDFE3405D76}.All|x86.ActiveCfg = Release|Any CPU
		{F18DD79B-6EAC-454E-9385-5EDFE3405D76}.Debug|Any CPU.ActiveCfg = Debug|Any CPU
		{F18DD79B-6EAC-454E-9385-5EDFE3405D76}.Debug|Any CPU.Build.0 = Debug|Any CPU
		{F18DD79B-6EAC-454E-9385-5EDFE3405D76}.Debug|Mixed Platforms.ActiveCfg = Debug|Any CPU
		{F18DD79B-6EAC-454E-9385-5EDFE3405D76}.Debug|Mixed Platforms.Build.0 = Debug|Any CPU
		{F18DD79B-6EAC-454E-9385-5EDFE3405D76}.Debug|x86.ActiveCfg = Debug|Any CPU
		{F18DD79B-6EAC-454E-9385-5EDFE3405D76}.Release|Any CPU.ActiveCfg = Release|Any CPU
		{F18DD79B-6EAC-454E-9385-5EDFE3405D76}.Release|Any CPU.Build.0 = Release|Any CPU
		{F18DD79B-6EAC-454E-9385-5EDFE3405D76}.Release|Mixed Platforms.ActiveCfg = Release|Any CPU
		{F18DD79B-6EAC-454E-9385-5EDFE3405D76}.Release|Mixed Platforms.Build.0 = Release|Any CPU
		{F18DD79B-6EAC-454E-9385-5EDFE3405D76}.Release|x86.ActiveCfg = Release|Any CPU
		{2BC1E514-DA33-4BFA-9A34-890531F2FCD9}.All|Any CPU.ActiveCfg = Release|Any CPU
		{2BC1E514-DA33-4BFA-9A34-890531F2FCD9}.All|Any CPU.Build.0 = Release|Any CPU
		{2BC1E514-DA33-4BFA-9A34-890531F2FCD9}.All|Mixed Platforms.ActiveCfg = Release|Any CPU
		{2BC1E514-DA33-4BFA-9A34-890531F2FCD9}.All|Mixed Platforms.Build.0 = Release|Any CPU
		{2BC1E514-DA33-4BFA-9A34-890531F2FCD9}.All|x86.ActiveCfg = Release|Any CPU
		{2BC1E514-DA33-4BFA-9A34-890531F2FCD9}.Debug|Any CPU.ActiveCfg = Debug|Any CPU
		{2BC1E514-DA33-4BFA-9A34-890531F2FCD9}.Debug|Any CPU.Build.0 = Debug|Any CPU
		{2BC1E514-DA33-4BFA-9A34-890531F2FCD9}.Debug|Mixed Platforms.ActiveCfg = Debug|Any CPU
		{2BC1E514-DA33-4BFA-9A34-890531F2FCD9}.Debug|Mixed Platforms.Build.0 = Debug|Any CPU
		{2BC1E514-DA33-4BFA-9A34-890531F2FCD9}.Debug|x86.ActiveCfg = Debug|Any CPU
		{2BC1E514-DA33-4BFA-9A34-890531F2FCD9}.Release|Any CPU.ActiveCfg = Release|Any CPU
		{2BC1E514-DA33-4BFA-9A34-890531F2FCD9}.Release|Any CPU.Build.0 = Release|Any CPU
		{2BC1E514-DA33-4BFA-9A34-890531F2FCD9}.Release|Mixed Platforms.ActiveCfg = Release|Any CPU
		{2BC1E514-DA33-4BFA-9A34-890531F2FCD9}.Release|Mixed Platforms.Build.0 = Release|Any CPU
		{2BC1E514-DA33-4BFA-9A34-890531F2FCD9}.Release|x86.ActiveCfg = Release|Any CPU
		{6BFE80F5-56DD-40F5-B5A7-17361A4ED56D}.All|Any CPU.ActiveCfg = Release|Any CPU
		{6BFE80F5-56DD-40F5-B5A7-17361A4ED56D}.All|Any CPU.Build.0 = Release|Any CPU
		{6BFE80F5-56DD-40F5-B5A7-17361A4ED56D}.All|Mixed Platforms.ActiveCfg = Release|Any CPU
		{6BFE80F5-56DD-40F5-B5A7-17361A4ED56D}.All|Mixed Platforms.Build.0 = Release|Any CPU
		{6BFE80F5-56DD-40F5-B5A7-17361A4ED56D}.All|x86.ActiveCfg = Release|Any CPU
		{6BFE80F5-56DD-40F5-B5A7-17361A4ED56D}.Debug|Any CPU.ActiveCfg = Debug|Any CPU
		{6BFE80F5-56DD-40F5-B5A7-17361A4ED56D}.Debug|Any CPU.Build.0 = Debug|Any CPU
		{6BFE80F5-56DD-40F5-B5A7-17361A4ED56D}.Debug|Mixed Platforms.ActiveCfg = Debug|Any CPU
		{6BFE80F5-56DD-40F5-B5A7-17361A4ED56D}.Debug|Mixed Platforms.Build.0 = Debug|Any CPU
		{6BFE80F5-56DD-40F5-B5A7-17361A4ED56D}.Debug|x86.ActiveCfg = Debug|Any CPU
		{6BFE80F5-56DD-40F5-B5A7-17361A4ED56D}.Release|Any CPU.ActiveCfg = Release|Any CPU
		{6BFE80F5-56DD-40F5-B5A7-17361A4ED56D}.Release|Any CPU.Build.0 = Release|Any CPU
		{6BFE80F5-56DD-40F5-B5A7-17361A4ED56D}.Release|Mixed Platforms.ActiveCfg = Release|Any CPU
		{6BFE80F5-56DD-40F5-B5A7-17361A4ED56D}.Release|Mixed Platforms.Build.0 = Release|Any CPU
		{6BFE80F5-56DD-40F5-B5A7-17361A4ED56D}.Release|x86.ActiveCfg = Release|Any CPU
		{EDD07D42-80CC-42A7-A9E4-82C844E0EE57}.All|Any CPU.ActiveCfg = Release|Any CPU
		{EDD07D42-80CC-42A7-A9E4-82C844E0EE57}.All|Any CPU.Build.0 = Release|Any CPU
		{EDD07D42-80CC-42A7-A9E4-82C844E0EE57}.All|Mixed Platforms.ActiveCfg = Release|Any CPU
		{EDD07D42-80CC-42A7-A9E4-82C844E0EE57}.All|Mixed Platforms.Build.0 = Release|Any CPU
		{EDD07D42-80CC-42A7-A9E4-82C844E0EE57}.All|x86.ActiveCfg = Release|Any CPU
		{EDD07D42-80CC-42A7-A9E4-82C844E0EE57}.Debug|Any CPU.ActiveCfg = Debug|Any CPU
		{EDD07D42-80CC-42A7-A9E4-82C844E0EE57}.Debug|Any CPU.Build.0 = Debug|Any CPU
		{EDD07D42-80CC-42A7-A9E4-82C844E0EE57}.Debug|Mixed Platforms.ActiveCfg = Debug|Any CPU
		{EDD07D42-80CC-42A7-A9E4-82C844E0EE57}.Debug|Mixed Platforms.Build.0 = Debug|Any CPU
		{EDD07D42-80CC-42A7-A9E4-82C844E0EE57}.Debug|x86.ActiveCfg = Debug|Any CPU
		{EDD07D42-80CC-42A7-A9E4-82C844E0EE57}.Release|Any CPU.ActiveCfg = Release|Any CPU
		{EDD07D42-80CC-42A7-A9E4-82C844E0EE57}.Release|Any CPU.Build.0 = Release|Any CPU
		{EDD07D42-80CC-42A7-A9E4-82C844E0EE57}.Release|Mixed Platforms.ActiveCfg = Release|Any CPU
		{EDD07D42-80CC-42A7-A9E4-82C844E0EE57}.Release|Mixed Platforms.Build.0 = Release|Any CPU
		{EDD07D42-80CC-42A7-A9E4-82C844E0EE57}.Release|x86.ActiveCfg = Release|Any CPU
		{DEC65ACE-F850-4CA2-954C-222D65981045}.All|Any CPU.ActiveCfg = Release|Any CPU
		{DEC65ACE-F850-4CA2-954C-222D65981045}.All|Any CPU.Build.0 = Release|Any CPU
		{DEC65ACE-F850-4CA2-954C-222D65981045}.All|Mixed Platforms.ActiveCfg = Release|Any CPU
		{DEC65ACE-F850-4CA2-954C-222D65981045}.All|Mixed Platforms.Build.0 = Release|Any CPU
		{DEC65ACE-F850-4CA2-954C-222D65981045}.All|x86.ActiveCfg = Release|Any CPU
		{DEC65ACE-F850-4CA2-954C-222D65981045}.Debug|Any CPU.ActiveCfg = Debug|Any CPU
		{DEC65ACE-F850-4CA2-954C-222D65981045}.Debug|Any CPU.Build.0 = Debug|Any CPU
		{DEC65ACE-F850-4CA2-954C-222D65981045}.Debug|Mixed Platforms.ActiveCfg = Debug|Any CPU
		{DEC65ACE-F850-4CA2-954C-222D65981045}.Debug|Mixed Platforms.Build.0 = Debug|Any CPU
		{DEC65ACE-F850-4CA2-954C-222D65981045}.Debug|x86.ActiveCfg = Debug|Any CPU
		{DEC65ACE-F850-4CA2-954C-222D65981045}.Release|Any CPU.ActiveCfg = Release|Any CPU
		{DEC65ACE-F850-4CA2-954C-222D65981045}.Release|Any CPU.Build.0 = Release|Any CPU
		{DEC65ACE-F850-4CA2-954C-222D65981045}.Release|Mixed Platforms.ActiveCfg = Release|Any CPU
		{DEC65ACE-F850-4CA2-954C-222D65981045}.Release|Mixed Platforms.Build.0 = Release|Any CPU
		{DEC65ACE-F850-4CA2-954C-222D65981045}.Release|x86.ActiveCfg = Release|Any CPU
	EndGlobalSection
	GlobalSection(SolutionProperties) = preSolution
		HideSolutionNode = FALSE
	EndGlobalSection
	GlobalSection(NestedProjects) = preSolution
		{30DF7565-C6EA-4E51-9021-85D654F438CF} = {450B96E2-8E32-47E0-87EE-6C16B6963537}
		{37B746A0-BCFB-4292-B7E9-D5FFABFA5597} = {450B96E2-8E32-47E0-87EE-6C16B6963537}
		{43B48B52-97D8-4DBD-A469-0AA5075F9D90} = {450B96E2-8E32-47E0-87EE-6C16B6963537}
		{67452544-D79F-4B66-BEE0-AB83B9097E7B} = {450B96E2-8E32-47E0-87EE-6C16B6963537}
		{97E50231-DF7F-4055-8260-11E96E82C4F6} = {450B96E2-8E32-47E0-87EE-6C16B6963537}
		{C35E53AE-71DF-407C-BA70-44BACC3B22AB} = {450B96E2-8E32-47E0-87EE-6C16B6963537}
		{50A84653-6C97-4639-835B-5E42DE9DD8D5} = {450B96E2-8E32-47E0-87EE-6C16B6963537}
		{9B73E55D-1AFC-45C3-AF18-A26A7D13568D} = {450B96E2-8E32-47E0-87EE-6C16B6963537}
		{3BB6B78F-9B1D-4309-8B3E-2D738508A5B0} = {450B96E2-8E32-47E0-87EE-6C16B6963537}
		{10B136A5-CB13-486C-A146-6BE2DFA3A16E} = {450B96E2-8E32-47E0-87EE-6C16B6963537}
		{EDD07D42-80CC-42A7-A9E4-82C844E0EE57} = {450B96E2-8E32-47E0-87EE-6C16B6963537}
		{DEC65ACE-F850-4CA2-954C-222D65981045} = {450B96E2-8E32-47E0-87EE-6C16B6963537}
		{BFD76537-D38C-48EA-AAFA-7E9BDF1AFD79} = {CE9B2B29-F02F-4062-9808-9898A0A232E7}
		{A6D8832F-A607-4F8C-8CFC-A7006955AF76} = {CE9B2B29-F02F-4062-9808-9898A0A232E7}
		{5DB35153-F3A1-4EAF-9ED4-F8752C234520} = {CE9B2B29-F02F-4062-9808-9898A0A232E7}
		{3FF444A9-3ED2-4FDC-850F-F0B26A864C7C} = {CE9B2B29-F02F-4062-9808-9898A0A232E7}
		{C4F7B811-9056-4F57-9426-E09B89D769E1} = {CE9B2B29-F02F-4062-9808-9898A0A232E7}
		{A988DA31-D892-48A8-B09D-433468214291} = {CE9B2B29-F02F-4062-9808-9898A0A232E7}
		{AEF4EF77-9FFA-43DA-A82A-762C80A2BEF7} = {CE9B2B29-F02F-4062-9808-9898A0A232E7}
		{F18DD79B-6EAC-454E-9385-5EDFE3405D76} = {A99C3B47-808D-4992-AFF0-648F2C556816}
		{13D32F9B-A219-4FCC-A669-C89B444FD003} = {1193F212-A477-4332-A05C-A33F44E97076}
		{2BC1E514-DA33-4BFA-9A34-890531F2FCD9} = {1193F212-A477-4332-A05C-A33F44E97076}
		{6BFE80F5-56DD-40F5-B5A7-17361A4ED56D} = {1193F212-A477-4332-A05C-A33F44E97076}
	EndGlobalSection
EndGlobal
